
Microsoft Visual Studio Solution File, Format Version 12.00
# Visual Studio 15
VisualStudioVersion = 15.0.26430.15
MinimumVisualStudioVersion = 10.0.40219.1
Project("{FAE04EC0-301F-11D3-BF4B-00C04F79EFBC}") = "CountingSorting", "CountingSorting\CountingSorting.csproj", "{CC3FFB24-AC85-4AD2-AEBE-5736E8187B82}"
EndProject
Global
	GlobalSection(SolutionConfigurationPlatforms) = preSolution
		Debug|Any CPU = Debug|Any CPU
		Release|Any CPU = Release|Any CPU
	EndGlobalSection
	GlobalSection(ProjectConfigurationPlatforms) = postSolution
		{CC3FFB24-AC85-4AD2-AEBE-5736E8187B82}.Debug|Any CPU.ActiveCfg = Debug|Any CPU
		{CC3FFB24-AC85-4AD2-AEBE-5736E8187B82}.Debug|Any CPU.Build.0 = Debug|Any CPU
		{CC3FFB24-AC85-4AD2-AEBE-5736E8187B82}.Release|Any CPU.ActiveCfg = Release|Any CPU
		{CC3FFB24-AC85-4AD2-AEBE-5736E8187B82}.Release|Any CPU.Build.0 = Release|Any CPU
	EndGlobalSection
	GlobalSection(SolutionProperties) = preSolution
		HideSolutionNode = FALSE
	EndGlobalSection
EndGlobal
